
Microsoft Visual Studio Solution File, Format Version 12.00
# Visual Studio 15
VisualStudioVersion = 15.0.27428.1
MinimumVisualStudioVersion = 10.0.40219.1
Project("{FAE04EC0-301F-11D3-BF4B-00C04F79EFBC}") = "FileEncryption", "FileEncryption\FileEncryption.csproj", "{CBDB3E6E-9267-4765-B4FD-131D720F5843}"
EndProject
Global
	GlobalSection(SolutionConfigurationPlatforms) = preSolution
		Debug|Any CPU = Debug|Any CPU
		Release|Any CPU = Release|Any CPU
	EndGlobalSection
	GlobalSection(ProjectConfigurationPlatforms) = postSolution
		{CBDB3E6E-9267-4765-B4FD-131D720F5843}.Debug|Any CPU.ActiveCfg = Debug|Any CPU
		{CBDB3E6E-9267-4765-B4FD-131D720F5843}.Debug|Any CPU.Build.0 = Debug|Any CPU
		{CBDB3E6E-9267-4765-B4FD-131D720F5843}.Release|Any CPU.ActiveCfg = Release|Any CPU
		{CBDB3E6E-9267-4765-B4FD-131D720F5843}.Release|Any CPU.Build.0 = Release|Any CPU
	EndGlobalSection
	GlobalSection(SolutionProperties) = preSolution
		HideSolutionNode = FALSE
	EndGlobalSection
	GlobalSection(ExtensibilityGlobals) = postSolution
		SolutionGuid = {80EFE919-D181-4B28-A6F7-75813E5A0A10}
	EndGlobalSection
EndGlobal
